{
  "name": "lucide-leptos",
  "lockfileVersion": 3,
  "requires": true,
  "packages": {
    "": {
      "devDependencies": {
        "lucide-static": "^0.358.0"
      }
    },
    "node_modules/lucide-static": {
      "version": "0.358.0",
      "resolved": "https://registry.npmjs.org/lucide-static/-/lucide-static-0.358.0.tgz",
      "integrity": "sha512-4t+KFGB1H09Em9uNh78+CQNw80w5Tslux+XSk2/zmd5YEtkyE3BOru3pKAKwHaZGE+Wi59S9NElKo/83jNuj+w==",
      "dev": true
    }
  }
}
